// !$*UTF8*$!
{
	archiveVersion = 1;
	classes = {
	};
	objectVersion = 50;
	objects = {

/* Begin PBXBuildFile section */
		630DEAD4263BE52D00114A23 /* blog1.jpg in Resources */ = {isa = PBXBuildFile; fileRef = 630DEAD3263BE52C00114A23 /* blog1.jpg */; };
		630DEAD7263BE53C00114A23 /* blog2.jpg in Resources */ = {isa = PBXBuildFile; fileRef = 630DEAD6263BE53C00114A23 /* blog2.jpg */; };
		630DEADA263BE54500114A23 /* blog3.jpg in Resources */ = {isa = PBXBuildFile; fileRef = 630DEAD9263BE54400114A23 /* blog3.jpg */; };
		630DEB00263BF27E00114A23 /* blog1.jpg in Resources */ = {isa = PBXBuildFile; fileRef = 630DEAFF263BF27E00114A23 /* blog1.jpg */; };
		630DEB03263BF28F00114A23 /* blog2.jpg in Resources */ = {isa = PBXBuildFile; fileRef = 630DEB02263BF28F00114A23 /* blog2.jpg */; };
		630DEB06263BF2A000114A23 /* blog3.jpg in Resources */ = {isa = PBXBuildFile; fileRef = 630DEB05263BF2A000114A23 /* blog3.jpg */; };
		6396EB0E2629806300DA24CD /* AppDelegate.swift in Sources */ = {isa = PBXBuildFile; fileRef = 6396EB0D2629806300DA24CD /* AppDelegate.swift */; };
		6396EB102629806300DA24CD /* SceneDelegate.swift in Sources */ = {isa = PBXBuildFile; fileRef = 6396EB0F2629806300DA24CD /* SceneDelegate.swift */; };
		6396EB122629806300DA24CD /* ViewController.swift in Sources */ = {isa = PBXBuildFile; fileRef = 6396EB112629806300DA24CD /* ViewController.swift */; };
		6396EB152629806300DA24CD /* Main.storyboard in Resources */ = {isa = PBXBuildFile; fileRef = 6396EB132629806300DA24CD /* Main.storyboard */; };
		6396EB172629806400DA24CD /* Assets.xcassets in Resources */ = {isa = PBXBuildFile; fileRef = 6396EB162629806400DA24CD /* Assets.xcassets */; };
		6396EB1A2629806400DA24CD /* LaunchScreen.storyboard in Resources */ = {isa = PBXBuildFile; fileRef = 6396EB182629806400DA24CD /* LaunchScreen.storyboard */; };
		CE3342192632B8010001CEB2 /* download.jpeg in Resources */ = {isa = PBXBuildFile; fileRef = CE3342162632B8010001CEB2 /* download.jpeg */; };
		CE33421A2632B8010001CEB2 /* download (1).jpeg in Resources */ = {isa = PBXBuildFile; fileRef = CE3342172632B8010001CEB2 /* download (1).jpeg */; };
		CE33421B2632B8010001CEB2 /* download (2).jpeg in Resources */ = {isa = PBXBuildFile; fileRef = CE3342182632B8010001CEB2 /* download (2).jpeg */; };
		CEDDD0922637FEA500160268 /* ScaleViewController.swift in Sources */ = {isa = PBXBuildFile; fileRef = CEDDD0912637FEA500160268 /* ScaleViewController.swift */; };
/* End PBXBuildFile section */

/* Begin PBXFileReference section */
		630DEAD3263BE52C00114A23 /* blog1.jpg */ = {isa = PBXFileReference; lastKnownFileType = image.jpeg; name = blog1.jpg; path = "../../../../Dropbox/■PGM DENTAL画像素材■/blog1.jpg"; sourceTree = "<group>"; };
		630DEAD6263BE53C00114A23 /* blog2.jpg */ = {isa = PBXFileReference; lastKnownFileType = image.jpeg; name = blog2.jpg; path = "../../../../Dropbox/■PGM DENTAL画像素材■/blog2.jpg"; sourceTree = "<group>"; };
		630DEAD9263BE54400114A23 /* blog3.jpg */ = {isa = PBXFileReference; lastKnownFileType = image.jpeg; name = blog3.jpg; path = "../../../../Dropbox/■PGM DENTAL画像素材■/blog3.jpg"; sourceTree = "<group>"; };
		630DEAFF263BF27E00114A23 /* blog1.jpg */ = {isa = PBXFileReference; lastKnownFileType = image.jpeg; path = blog1.jpg; sourceTree = "<group>"; };
		630DEB02263BF28F00114A23 /* blog2.jpg */ = {isa = PBXFileReference; lastKnownFileType = image.jpeg; path = blog2.jpg; sourceTree = "<group>"; };
		630DEB05263BF2A000114A23 /* blog3.jpg */ = {isa = PBXFileReference; lastKnownFileType = image.jpeg; path = blog3.jpg; sourceTree = "<group>"; };
		6396EB0A2629806300DA24CD /* SlideshowApp.app */ = {isa = PBXFileReference; explicitFileType = wrapper.application; includeInIndex = 0; path = SlideshowApp.app; sourceTree = BUILT_PRODUCTS_DIR; };
		6396EB0D2629806300DA24CD /* AppDelegate.swift */ = {isa = PBXFileReference; lastKnownFileType = sourcecode.swift; path = AppDelegate.swift; sourceTree = "<group>"; };
		6396EB0F2629806300DA24CD /* SceneDelegate.swift */ = {isa = PBXFileReference; lastKnownFileType = sourcecode.swift; path = SceneDelegate.swift; sourceTree = "<group>"; };
		6396EB112629806300DA24CD /* ViewController.swift */ = {isa = PBXFileReference; lastKnownFileType = sourcecode.swift; path = ViewController.swift; sourceTree = "<group>"; };
		6396EB142629806300DA24CD /* Base */ = {isa = PBXFileReference; lastKnownFileType = file.storyboard; name = Base; path = Base.lproj/Main.storyboard; sourceTree = "<group>"; };
		6396EB162629806400DA24CD /* Assets.xcassets */ = {isa = PBXFileReference; lastKnownFileType = folder.assetcatalog; path = Assets.xcassets; sourceTree = "<group>"; };
		6396EB192629806400DA24CD /* Base */ = {isa = PBXFileReference; lastKnownFileType = file.storyboard; name = Base; path = Base.lproj/LaunchScreen.storyboard; sourceTree = "<group>"; };
		6396EB1B2629806400DA24CD /* Info.plist */ = {isa = PBXFileReference; lastKnownFileType = text.plist.xml; path = Info.plist; sourceTree = "<group>"; };
		CE3342162632B8010001CEB2 /* download.jpeg */ = {isa = PBXFileReference; lastKnownFileType = image.jpeg; path = download.jpeg; sourceTree = "<group>"; };
		CE3342172632B8010001CEB2 /* download (1).jpeg */ = {isa = PBXFileReference; lastKnownFileType = image.jpeg; path = "download (1).jpeg"; sourceTree = "<group>"; };
		CE3342182632B8010001CEB2 /* download (2).jpeg */ = {isa = PBXFileReference; lastKnownFileType = image.jpeg; path = "download (2).jpeg"; sourceTree = "<group>"; };
		CEDDD0912637FEA500160268 /* ScaleViewController.swift */ = {isa = PBXFileReference; lastKnownFileType = sourcecode.swift; path = ScaleViewController.swift; sourceTree = "<group>"; };
/* End PBXFileReference section */

/* Begin PBXFrameworksBuildPhase section */
		6396EB072629806300DA24CD /* Frameworks */ = {
			isa = PBXFrameworksBuildPhase;
			buildActionMask = 2147483647;
			files = (
			);
			runOnlyForDeploymentPostprocessing = 0;
		};
/* End PBXFrameworksBuildPhase section */

/* Begin PBXGroup section */
		6396EB012629806300DA24CD = {
			isa = PBXGroup;
			children = (
				6396EB0C2629806300DA24CD /* SlideshowApp */,
				6396EB0B2629806300DA24CD /* Products */,
			);
			sourceTree = "<group>";
		};
		6396EB0B2629806300DA24CD /* Products */ = {
			isa = PBXGroup;
			children = (
				6396EB0A2629806300DA24CD /* SlideshowApp.app */,
			);
			name = Products;
			sourceTree = "<group>";
		};
		6396EB0C2629806300DA24CD /* SlideshowApp */ = {
			isa = PBXGroup;
			children = (
				6396EB0D2629806300DA24CD /* AppDelegate.swift */,
				6396EB0F2629806300DA24CD /* SceneDelegate.swift */,
				6396EB112629806300DA24CD /* ViewController.swift */,
				CEDDD0912637FEA500160268 /* ScaleViewController.swift */,
				6396EB132629806300DA24CD /* Main.storyboard */,
				6396EB162629806400DA24CD /* Assets.xcassets */,
				6396EB182629806400DA24CD /* LaunchScreen.storyboard */,
				6396EB1B2629806400DA24CD /* Info.plist */,
				CE3342172632B8010001CEB2 /* download (1).jpeg */,
				CE3342182632B8010001CEB2 /* download (2).jpeg */,
				CE3342162632B8010001CEB2 /* download.jpeg */,
				630DEAD3263BE52C00114A23 /* blog1.jpg */,
				630DEB05263BF2A000114A23 /* blog3.jpg */,
				630DEB02263BF28F00114A23 /* blog2.jpg */,
				630DEAD6263BE53C00114A23 /* blog2.jpg */,
				630DEAD9263BE54400114A23 /* blog3.jpg */,
				630DEAFF263BF27E00114A23 /* blog1.jpg */,
			);
			path = SlideshowApp;
			sourceTree = "<group>";
		};
/* End PBXGroup section */

/* Begin PBXNativeTarget section */
		6396EB092629806300DA24CD /* SlideshowApp */ = {
			isa = PBXNativeTarget;
			buildConfigurationList = 6396EB1E2629806400DA24CD /* Build configuration list for PBXNativeTarget "SlideshowApp" */;
			buildPhases = (
				6396EB062629806300DA24CD /* Sources */,
				6396EB072629806300DA24CD /* Frameworks */,
				6396EB082629806300DA24CD /* Resources */,
			);
			buildRules = (
			);
			dependencies = (
			);
			name = SlideshowApp;
			productName = SlideshowApp;
			productReference = 6396EB0A2629806300DA24CD /* SlideshowApp.app */;
			productType = "com.apple.product-type.application";
		};
/* End PBXNativeTarget section */

/* Begin PBXProject section */
		6396EB022629806300DA24CD /* Project object */ = {
			isa = PBXProject;
			attributes = {
				LastSwiftUpdateCheck = 1220;
				LastUpgradeCheck = 1220;
				TargetAttributes = {
					6396EB092629806300DA24CD = {
						CreatedOnToolsVersion = 12.2;
					};
				};
			};
			buildConfigurationList = 6396EB052629806300DA24CD /* Build configuration list for PBXProject "SlideshowApp" */;
			compatibilityVersion = "Xcode 9.3";
			developmentRegion = en;
			hasScannedForEncodings = 0;
			knownRegions = (
				en,
				Base,
			);
			mainGroup = 6396EB012629806300DA24CD;
			productRefGroup = 6396EB0B2629806300DA24CD /* Products */;
			projectDirPath = "";
			projectRoot = "";
			targets = (
				6396EB092629806300DA24CD /* SlideshowApp */,
			);
		};
/* End PBXProject section */

/* Begin PBXResourcesBuildPhase section */
		6396EB082629806300DA24CD /* Resources */ = {
			isa = PBXResourcesBuildPhase;
			buildActionMask = 2147483647;
			files = (
				6396EB1A2629806400DA24CD /* LaunchScreen.storyboard in Resources */,
				CE3342192632B8010001CEB2 /* download.jpeg in Resources */,
				630DEB03263BF28F00114A23 /* blog2.jpg in Resources */,
				630DEADA263BE54500114A23 /* blog3.jpg in Resources */,
				6396EB172629806400DA24CD /* Assets.xcassets in Resources */,
				CE33421B2632B8010001CEB2 /* download (2).jpeg in Resources */,
				630DEB00263BF27E00114A23 /* blog1.jpg in Resources */,
				630DEAD4263BE52D00114A23 /* blog1.jpg in Resources */,
				6396EB152629806300DA24CD /* Main.storyboard in Resources */,
				630DEAD7263BE53C00114A23 /* blog2.jpg in Resources */,
				CE33421A2632B8010001CEB2 /* download (1).jpeg in Resources */,
				630DEB06263BF2A000114A23 /* blog3.jpg in Resources */,
			);
			runOnlyForDeploymentPostprocessing = 0;
		};
/* End PBXResourcesBuildPhase section */

/* Begin PBXSourcesBuildPhase section */
		6396EB062629806300DA24CD /* Sources */ = {
			isa = PBXSourcesBuildPhase;
			buildActionMask = 2147483647;
			files = (
				6396EB122629806300DA24CD /* ViewController.swift in Sources */,
				6396EB0E2629806300DA24CD /* AppDelegate.swift in Sources */,
				6396EB102629806300DA24CD /* SceneDelegate.swift in Sources */,
				CEDDD0922637FEA500160268 /* ScaleViewController.swift in Sources */,
			);
			runOnlyForDeploymentPostprocessing = 0;
		};
/* End PBXSourcesBuildPhase section */

/* Begin PBXVariantGroup section */
		6396EB132629806300DA24CD /* Main.storyboard */ = {
			isa = PBXVariantGroup;
			children = (
				6396EB142629806300DA24CD /* Base */,
			);
			name = Main.storyboard;
			sourceTree = "<group>";
		};
		6396EB182629806400DA24CD /* LaunchScreen.storyboard */ = {
			isa = PBXVariantGroup;
			children = (
				6396EB192629806400DA24CD /* Base */,
			);
			name = LaunchScreen.storyboard;
			sourceTree = "<group>";
		};
/* End PBXVariantGroup section */

/* Begin XCBuildConfiguration section */
		6396EB1C2629806400DA24CD /* Debug */ = {
			isa = XCBuildConfiguration;
			buildSettings = {
				ALWAYS_SEARCH_USER_PATHS = NO;
				CLANG_ANALYZER_NONNULL = YES;
				CLANG_ANALYZER_NUMBER_OBJECT_CONVERSION = YES_AGGRESSIVE;
				CLANG_CXX_LANGUAGE_STANDARD = "gnu++14";
				CLANG_CXX_LIBRARY = "libc++";
				CLANG_ENABLE_MODULES = YES;
				CLANG_ENABLE_OBJC_ARC = YES;
				CLANG_ENABLE_OBJC_WEAK = YES;
				CLANG_WARN_BLOCK_CAPTURE_AUTORELEASING = YES;
				CLANG_WARN_BOOL_CONVERSION = YES;
				CLANG_WARN_COMMA = YES;
				CLANG_WARN_CONSTANT_CONVERSION = YES;
				CLANG_WARN_DEPRECATED_OBJC_IMPLEMENTATIONS = YES;
				CLANG_WARN_DIRECT_OBJC_ISA_USAGE = YES_ERROR;
				CLANG_WARN_DOCUMENTATION_COMMENTS = YES;
				CLANG_WARN_EMPTY_BODY = YES;
				CLANG_WARN_ENUM_CONVERSION = YES;
				CLANG_WARN_INFINITE_RECURSION = YES;
				CLANG_WARN_INT_CONVERSION = YES;
				CLANG_WARN_NON_LITERAL_NULL_CONVERSION = YES;
				CLANG_WARN_OBJC_IMPLICIT_RETAIN_SELF = YES;
				CLANG_WARN_OBJC_LITERAL_CONVERSION = YES;
				CLANG_WARN_OBJC_ROOT_CLASS = YES_ERROR;
				CLANG_WARN_QUOTED_INCLUDE_IN_FRAMEWORK_HEADER = YES;
				CLANG_WARN_RANGE_LOOP_ANALYSIS = YES;
				CLANG_WARN_STRICT_PROTOTYPES = YES;
				CLANG_WARN_SUSPICIOUS_MOVE = YES;
				CLANG_WARN_UNGUARDED_AVAILABILITY = YES_AGGRESSIVE;
				CLANG_WARN_UNREACHABLE_CODE = YES;
				CLANG_WARN__DUPLICATE_METHOD_MATCH = YES;
				COPY_PHASE_STRIP = NO;
				DEBUG_INFORMATION_FORMAT = dwarf;
				ENABLE_STRICT_OBJC_MSGSEND = YES;
				ENABLE_TESTABILITY = YES;
				GCC_C_LANGUAGE_STANDARD = gnu11;
				GCC_DYNAMIC_NO_PIC = NO;
				GCC_NO_COMMON_BLOCKS = YES;
				GCC_OPTIMIZATION_LEVEL = 0;
				GCC_PREPROCESSOR_DEFINITIONS = (
					"DEBUG=1",
					"$(inherited)",
				);
				GCC_WARN_64_TO_32_BIT_CONVERSION = YES;
				GCC_WARN_ABOUT_RETURN_TYPE = YES_ERROR;
				GCC_WARN_UNDECLARED_SELECTOR = YES;
				GCC_WARN_UNINITIALIZED_AUTOS = YES_AGGRESSIVE;
				GCC_WARN_UNUSED_FUNCTION = YES;
				GCC_WARN_UNUSED_VARIABLE = YES;
				IPHONEOS_DEPLOYMENT_TARGET = 14.2;
				MTL_ENABLE_DEBUG_INFO = INCLUDE_SOURCE;
				MTL_FAST_MATH = YES;
				ONLY_ACTIVE_ARCH = YES;
				SDKROOT = iphoneos;
				SWIFT_ACTIVE_COMPILATION_CONDITIONS = DEBUG;
				SWIFT_OPTIMIZATION_LEVEL = "-Onone";
			};
			name = Debug;
		};
		6396EB1D2629806400DA24CD /* Release */ = {
			isa = XCBuildConfiguration;
			buildSettings = {
				ALWAYS_SEARCH_USER_PATHS = NO;
				CLANG_ANALYZER_NONNULL = YES;
				CLANG_ANALYZER_NUMBER_OBJECT_CONVERSION = YES_AGGRESSIVE;
				CLANG_CXX_LANGUAGE_STANDARD = "gnu++14";
				CLANG_CXX_LIBRARY = "libc++";
				CLANG_ENABLE_MODULES = YES;
				CLANG_ENABLE_OBJC_ARC = YES;
				CLANG_ENABLE_OBJC_WEAK = YES;
				CLANG_WARN_BLOCK_CAPTURE_AUTORELEASING = YES;
				CLANG_WARN_BOOL_CONVERSION = YES;
				CLANG_WARN_COMMA = YES;
				CLANG_WARN_CONSTANT_CONVERSION = YES;
				CLANG_WARN_DEPRECATED_OBJC_IMPLEMENTATIONS = YES;
				CLANG_WARN_DIRECT_OBJC_ISA_USAGE = YES_ERROR;
				CLANG_WARN_DOCUMENTATION_COMMENTS = YES;
				CLANG_WARN_EMPTY_BODY = YES;
				CLANG_WARN_ENUM_CONVERSION = YES;
				CLANG_WARN_INFINITE_RECURSION = YES;
				CLANG_WARN_INT_CONVERSION = YES;
				CLANG_WARN_NON_LITERAL_NULL_CONVERSION = YES;
				CLANG_WARN_OBJC_IMPLICIT_RETAIN_SELF = YES;
				CLANG_WARN_OBJC_LITERAL_CONVERSION = YES;
				CLANG_WARN_OBJC_ROOT_CLASS = YES_ERROR;
				CLANG_WARN_QUOTED_INCLUDE_IN_FRAMEWORK_HEADER = YES;
				CLANG_WARN_RANGE_LOOP_ANALYSIS = YES;
				CLANG_WARN_STRICT_PROTOTYPES = YES;
				CLANG_WARN_SUSPICIOUS_MOVE = YES;
				CLANG_WARN_UNGUARDED_AVAILABILITY = YES_AGGRESSIVE;
				CLANG_WARN_UNREACHABLE_CODE = YES;
				CLANG_WARN__DUPLICATE_METHOD_MATCH = YES;
				COPY_PHASE_STRIP = NO;
				DEBUG_INFORMATION_FORMAT = "dwarf-with-dsym";
				ENABLE_NS_ASSERTIONS = NO;
				ENABLE_STRICT_OBJC_MSGSEND = YES;
				GCC_C_LANGUAGE_STANDARD = gnu11;
				GCC_NO_COMMON_BLOCKS = YES;
				GCC_WARN_64_TO_32_BIT_CONVERSION = YES;
				GCC_WARN_ABOUT_RETURN_TYPE = YES_ERROR;
				GCC_WARN_UNDECLARED_SELECTOR = YES;
				GCC_WARN_UNINITIALIZED_AUTOS = YES_AGGRESSIVE;
				GCC_WARN_UNUSED_FUNCTION = YES;
				GCC_WARN_UNUSED_VARIABLE = YES;
				IPHONEOS_DEPLOYMENT_TARGET = 14.2;
				MTL_ENABLE_DEBUG_INFO = NO;
				MTL_FAST_MATH = YES;
				SDKROOT = iphoneos;
				SWIFT_COMPILATION_MODE = wholemodule;
				SWIFT_OPTIMIZATION_LEVEL = "-O";
				VALIDATE_PRODUCT = YES;
			};
			name = Release;
		};
		6396EB1F2629806400DA24CD /* Debug */ = {
			isa = XCBuildConfiguration;
			buildSettings = {
				ASSETCATALOG_COMPILER_APPICON_NAME = AppIcon;
				ASSETCATALOG_COMPILER_GLOBAL_ACCENT_COLOR_NAME = AccentColor;
				CODE_SIGN_STYLE = Automatic;
				DEVELOPMENT_TEAM = 6H536L5JZ7;
				INFOPLIST_FILE = SlideshowApp/Info.plist;
				LD_RUNPATH_SEARCH_PATHS = (
					"$(inherited)",
					"@executable_path/Frameworks",
				);
				PRODUCT_BUNDLE_IDENTIFIER = jp.techacademy.maya.akematsu.SlideshowApp;
				PRODUCT_NAME = "$(TARGET_NAME)";
				SWIFT_VERSION = 5.0;
				TARGETED_DEVICE_FAMILY = "1,2";
			};
			name = Debug;
		};
		6396EB202629806400DA24CD /* Release */ = {
			isa = XCBuildConfiguration;
			buildSettings = {
				ASSETCATALOG_COMPILER_APPICON_NAME = AppIcon;
				ASSETCATALOG_COMPILER_GLOBAL_ACCENT_COLOR_NAME = AccentColor;
				CODE_SIGN_STYLE = Automatic;
				DEVELOPMENT_TEAM = 6H536L5JZ7;
				INFOPLIST_FILE = SlideshowApp/Info.plist;
				LD_RUNPATH_SEARCH_PATHS = (
					"$(inherited)",
					"@executable_path/Frameworks",
				);
				PRODUCT_BUNDLE_IDENTIFIER = jp.techacademy.maya.akematsu.SlideshowApp;
				PRODUCT_NAME = "$(TARGET_NAME)";
				SWIFT_VERSION = 5.0;
				TARGETED_DEVICE_FAMILY = "1,2";
			};
			name = Release;
		};
/* End XCBuildConfiguration section */

/* Begin XCConfigurationList section */
		6396EB052629806300DA24CD /* Build configuration list for PBXProject "SlideshowApp" */ = {
			isa = XCConfigurationList;
			buildConfigurations = (
				6396EB1C2629806400DA24CD /* Debug */,
				6396EB1D2629806400DA24CD /* Release */,
			);
			defaultConfigurationIsVisible = 0;
			defaultConfigurationName = Release;
		};
		6396EB1E2629806400DA24CD /* Build configuration list for PBXNativeTarget "SlideshowApp" */ = {
			isa = XCConfigurationList;
			buildConfigurations = (
				6396EB1F2629806400DA24CD /* Debug */,
				6396EB202629806400DA24CD /* Release */,
			);
			defaultConfigurationIsVisible = 0;
			defaultConfigurationName = Release;
		};
/* End XCConfigurationList section */
	};
	rootObject = 6396EB022629806300DA24CD /* Project object */;
}
